// !$*UTF8*$!
{
	archiveVersion = 1;
	classes = {
	};
	objectVersion = 50;
	objects = {

/* Begin PBXBuildFile section */
		72988FA6247D817D007ABE7F /* 7562.cpp in Sources */ = {isa = PBXBuildFile; fileRef = 72988FA5247D817D007ABE7F /* 7562.cpp */; };
/* End PBXBuildFile section */

/* Begin PBXCopyFilesBuildPhase section */
		72740207245F3B47002018D0 /* CopyFiles */ = {
			isa = PBXCopyFilesBuildPhase;
			buildActionMask = 2147483647;
			dstPath = /usr/share/man/man1/;
			dstSubfolderSpec = 0;
			files = (
			);
			runOnlyForDeploymentPostprocessing = 1;
		};
/* End PBXCopyFilesBuildPhase section */

/* Begin PBXFileReference section */
		720F1B0624780CCB0094A350 /* 1759.cpp */ = {isa = PBXFileReference; lastKnownFileType = sourcecode.cpp.cpp; path = 1759.cpp; sourceTree = "<group>"; };
		720F1B08247BDB640094A350 /* 10973.cpp */ = {isa = PBXFileReference; lastKnownFileType = sourcecode.cpp.cpp; path = 10973.cpp; sourceTree = "<group>"; };
		720F1B0A247BDBCE0094A350 /* 10974.cpp */ = {isa = PBXFileReference; lastKnownFileType = sourcecode.cpp.cpp; path = 10974.cpp; sourceTree = "<group>"; };
		720F1B0C247BDE650094A350 /* 6603.cpp */ = {isa = PBXFileReference; lastKnownFileType = sourcecode.cpp.cpp; path = 6603.cpp; sourceTree = "<group>"; };
		720F1B0D247BDE790094A350 /* 14501.cpp */ = {isa = PBXFileReference; lastKnownFileType = sourcecode.cpp.cpp; path = 14501.cpp; sourceTree = "<group>"; };
		720F1B0E247BDE850094A350 /* 1182.cpp */ = {isa = PBXFileReference; lastKnownFileType = sourcecode.cpp.cpp; path = 1182.cpp; sourceTree = "<group>"; };
		720F1B0F247BDE920094A350 /* 1260.cpp */ = {isa = PBXFileReference; lastKnownFileType = sourcecode.cpp.cpp; path = 1260.cpp; sourceTree = "<group>"; };
		720F1B16247BFE680094A350 /* 1707.cpp */ = {isa = PBXFileReference; lastKnownFileType = sourcecode.cpp.cpp; path = 1707.cpp; sourceTree = "<group>"; };
		720F1B1B247BFE7E0094A350 /* 2667.cpp */ = {isa = PBXFileReference; lastKnownFileType = sourcecode.cpp.cpp; path = 2667.cpp; sourceTree = "<group>"; };
		720F1B1D247BFE8D0094A350 /* 4963.cpp */ = {isa = PBXFileReference; lastKnownFileType = sourcecode.cpp.cpp; path = 4963.cpp; sourceTree = "<group>"; };
		720F1B1F247BFE9A0094A350 /* 2178.cpp */ = {isa = PBXFileReference; lastKnownFileType = sourcecode.cpp.cpp; path = 2178.cpp; sourceTree = "<group>"; };
		72740209245F3B47002018D0 /* AlgorithmStudy(Jongno) */ = {isa = PBXFileReference; explicitFileType = "compiled.mach-o.executable"; includeInIndex = 0; path = "AlgorithmStudy(Jongno)"; sourceTree = BUILT_PRODUCTS_DIR; };
		72740213245F3B64002018D0 /* README.md */ = {isa = PBXFileReference; lastKnownFileType = net.daringfireball.markdown; path = README.md; sourceTree = "<group>"; };
		72740218245F4AFB002018D0 /* 1463.cpp */ = {isa = PBXFileReference; lastKnownFileType = sourcecode.cpp.cpp; path = 1463.cpp; sourceTree = "<group>"; };
		7274021A245F4B2C002018D0 /* 11726.cpp */ = {isa = PBXFileReference; lastKnownFileType = sourcecode.cpp.cpp; path = 11726.cpp; sourceTree = "<group>"; };
		7274021C245F4B35002018D0 /* 11727.cpp */ = {isa = PBXFileReference; lastKnownFileType = sourcecode.cpp.cpp; path = 11727.cpp; sourceTree = "<group>"; };
		7274021E245F4B3E002018D0 /* 9095.cpp */ = {isa = PBXFileReference; lastKnownFileType = sourcecode.cpp.cpp; path = 9095.cpp; sourceTree = "<group>"; };
		72740220245F4B4C002018D0 /* 11052.cpp */ = {isa = PBXFileReference; lastKnownFileType = sourcecode.cpp.cpp; path = 11052.cpp; sourceTree = "<group>"; };
		72740224245F5726002018D0 /* 16194.cpp */ = {isa = PBXFileReference; lastKnownFileType = sourcecode.cpp.cpp; path = 16194.cpp; sourceTree = "<group>"; };
		72740226245F572E002018D0 /* 15990.cpp */ = {isa = PBXFileReference; lastKnownFileType = sourcecode.cpp.cpp; path = 15990.cpp; sourceTree = "<group>"; };
		72740228245F5735002018D0 /* 10844.cpp */ = {isa = PBXFileReference; lastKnownFileType = sourcecode.cpp.cpp; path = 10844.cpp; sourceTree = "<group>"; };
		7274022A245F573C002018D0 /* 2193.cpp */ = {isa = PBXFileReference; lastKnownFileType = sourcecode.cpp.cpp; path = 2193.cpp; sourceTree = "<group>"; };
		7274022C245F5742002018D0 /* 11053.cpp */ = {isa = PBXFileReference; lastKnownFileType = sourcecode.cpp.cpp; path = 11053.cpp; sourceTree = "<group>"; };
		7274022E245F5747002018D0 /* 14002.cpp */ = {isa = PBXFileReference; lastKnownFileType = sourcecode.cpp.cpp; path = 14002.cpp; sourceTree = "<group>"; };
		72740230245F5755002018D0 /* 1912.cpp */ = {isa = PBXFileReference; lastKnownFileType = sourcecode.cpp.cpp; path = 1912.cpp; sourceTree = "<group>"; };
		72740232245F575E002018D0 /* 1699.cpp */ = {isa = PBXFileReference; lastKnownFileType = sourcecode.cpp.cpp; path = 1699.cpp; sourceTree = "<group>"; };
		72740234245F5763002018D0 /* 2225.cpp */ = {isa = PBXFileReference; lastKnownFileType = sourcecode.cpp.cpp; path = 2225.cpp; sourceTree = "<group>"; };
		72740236245F576C002018D0 /* 15988.cpp */ = {isa = PBXFileReference; lastKnownFileType = sourcecode.cpp.cpp; path = 15988.cpp; sourceTree = "<group>"; };
		72740238245F5772002018D0 /* 1149.cpp */ = {isa = PBXFileReference; lastKnownFileType = sourcecode.cpp.cpp; path = 1149.cpp; sourceTree = "<group>"; };
		7274023A245F5778002018D0 /* 1309.cpp */ = {isa = PBXFileReference; lastKnownFileType = sourcecode.cpp.cpp; path = 1309.cpp; sourceTree = "<group>"; };
		7274023C245F5781002018D0 /* 11057.cpp */ = {isa = PBXFileReference; lastKnownFileType = sourcecode.cpp.cpp; path = 11057.cpp; sourceTree = "<group>"; };
		7274023E245F578B002018D0 /* 9465.cpp */ = {isa = PBXFileReference; lastKnownFileType = sourcecode.cpp.cpp; path = 9465.cpp; sourceTree = "<group>"; };
		72740240245F5790002018D0 /* 2156.cpp */ = {isa = PBXFileReference; lastKnownFileType = sourcecode.cpp.cpp; path = 2156.cpp; sourceTree = "<group>"; };
		728EF30E24639EB5007F0A90 /* 1932.cpp */ = {isa = PBXFileReference; lastKnownFileType = sourcecode.cpp.cpp; path = 1932.cpp; sourceTree = "<group>"; };
		728EF3102463A62A007F0A90 /* 11055.cpp */ = {isa = PBXFileReference; lastKnownFileType = sourcecode.cpp.cpp; name = 11055.cpp; path = "AlgorithmStudy(Jongno)/11055.cpp"; sourceTree = SOURCE_ROOT; };
		728EF3122463C6BF007F0A90 /* 11722.cpp */ = {isa = PBXFileReference; lastKnownFileType = sourcecode.cpp.cpp; path = 11722.cpp; sourceTree = "<group>"; };
		728EF3142463C81B007F0A90 /* 11054.cpp */ = {isa = PBXFileReference; lastKnownFileType = sourcecode.cpp.cpp; path = 11054.cpp; sourceTree = "<group>"; };
		728EF3162463CB8F007F0A90 /* 13398.cpp */ = {isa = PBXFileReference; lastKnownFileType = sourcecode.cpp.cpp; path = 13398.cpp; sourceTree = "<group>"; };
		728EF33E24682140007F0A90 /* 1748.cpp */ = {isa = PBXFileReference; lastKnownFileType = sourcecode.cpp.cpp; path = 1748.cpp; sourceTree = "<group>"; };
		728EF34024682576007F0A90 /* 15649.cpp */ = {isa = PBXFileReference; lastKnownFileType = sourcecode.cpp.cpp; path = 15649.cpp; sourceTree = "<group>"; };
		728EF34224682E9D007F0A90 /* 15650.cpp */ = {isa = PBXFileReference; lastKnownFileType = sourcecode.cpp.cpp; path = 15650.cpp; sourceTree = "<group>"; };
		728EF34424682F14007F0A90 /* 15651.cpp */ = {isa = PBXFileReference; lastKnownFileType = sourcecode.cpp.cpp; path = 15651.cpp; sourceTree = "<group>"; };
		728EF34624682F8C007F0A90 /* 15652.cpp */ = {isa = PBXFileReference; lastKnownFileType = sourcecode.cpp.cpp; path = 15652.cpp; sourceTree = "<group>"; };
		728EF34824682FDB007F0A90 /* 15654.cpp */ = {isa = PBXFileReference; lastKnownFileType = sourcecode.cpp.cpp; path = 15654.cpp; sourceTree = "<group>"; };
		728EF34A2468313F007F0A90 /* 15655.cpp */ = {isa = PBXFileReference; lastKnownFileType = sourcecode.cpp.cpp; path = 15655.cpp; sourceTree = "<group>"; };
		728EF34C246831AE007F0A90 /* 15656.cpp */ = {isa = PBXFileReference; lastKnownFileType = sourcecode.cpp.cpp; path = 15656.cpp; sourceTree = "<group>"; };
		728EF34E24683279007F0A90 /* 15657.cpp */ = {isa = PBXFileReference; lastKnownFileType = sourcecode.cpp.cpp; path = 15657.cpp; sourceTree = "<group>"; };
		728EF350246833DE007F0A90 /* 15663.cpp */ = {isa = PBXFileReference; lastKnownFileType = sourcecode.cpp.cpp; path = 15663.cpp; sourceTree = "<group>"; };
		728EF352246837A4007F0A90 /* 15664.cpp */ = {isa = PBXFileReference; lastKnownFileType = sourcecode.cpp.cpp; path = 15664.cpp; sourceTree = "<group>"; };
		728EF35424683813007F0A90 /* 15665.cpp */ = {isa = PBXFileReference; lastKnownFileType = sourcecode.cpp.cpp; path = 15665.cpp; sourceTree = "<group>"; };
		728EF356246838C5007F0A90 /* 15666.cpp */ = {isa = PBXFileReference; lastKnownFileType = sourcecode.cpp.cpp; path = 15666.cpp; sourceTree = "<group>"; };
		728EF3582468392F007F0A90 /* 10972.cpp */ = {isa = PBXFileReference; lastKnownFileType = sourcecode.cpp.cpp; path = 10972.cpp; sourceTree = "<group>"; };
		72988F90247CDD63007ABE7F /* 11724.cpp */ = {isa = PBXFileReference; lastKnownFileType = sourcecode.cpp.cpp; path = 11724.cpp; sourceTree = "<group>"; };
		72988FA3247D8075007ABE7F /* 7576.cpp */ = {isa = PBXFileReference; lastKnownFileType = sourcecode.cpp.cpp; path = 7576.cpp; sourceTree = "<group>"; };
		72988FA5247D817D007ABE7F /* 7562.cpp */ = {isa = PBXFileReference; lastKnownFileType = sourcecode.cpp.cpp; path = 7562.cpp; sourceTree = "<group>"; };
/* End PBXFileReference section */

/* Begin PBXFrameworksBuildPhase section */
		72740206245F3B47002018D0 /* Frameworks */ = {
			isa = PBXFrameworksBuildPhase;
			buildActionMask = 2147483647;
			files = (
			);
			runOnlyForDeploymentPostprocessing = 0;
		};
/* End PBXFrameworksBuildPhase section */

/* Begin PBXGroup section */
		720F1B0524780C980094A350 /* W5 */ = {
			isa = PBXGroup;
			children = (
				720F1B0C247BDE650094A350 /* 6603.cpp */,
				720F1B0624780CCB0094A350 /* 1759.cpp */,
				720F1B0D247BDE790094A350 /* 14501.cpp */,
				720F1B0E247BDE850094A350 /* 1182.cpp */,
				720F1B0F247BDE920094A350 /* 1260.cpp */,
			);
			path = W5;
			sourceTree = "<group>";
		};
		720F1B15247BFD4C0094A350 /* W6 */ = {
			isa = PBXGroup;
			children = (
				72988F90247CDD63007ABE7F /* 11724.cpp */,
				720F1B16247BFE680094A350 /* 1707.cpp */,
				720F1B1B247BFE7E0094A350 /* 2667.cpp */,
				720F1B1D247BFE8D0094A350 /* 4963.cpp */,
				720F1B1F247BFE9A0094A350 /* 2178.cpp */,
				72988FA3247D8075007ABE7F /* 7576.cpp */,
				72988FA5247D817D007ABE7F /* 7562.cpp */,
			);
			path = W6;
			sourceTree = "<group>";
		};
		72740200245F3B47002018D0 = {
			isa = PBXGroup;
			children = (
				7274020B245F3B47002018D0 /* AlgorithmStudy(Jongno) */,
				7274020A245F3B47002018D0 /* Products */,
			);
			sourceTree = "<group>";
		};
		7274020A245F3B47002018D0 /* Products */ = {
			isa = PBXGroup;
			children = (
				72740209245F3B47002018D0 /* AlgorithmStudy(Jongno) */,
			);
			name = Products;
			sourceTree = "<group>";
		};
		7274020B245F3B47002018D0 /* AlgorithmStudy(Jongno) */ = {
			isa = PBXGroup;
			children = (
				72740213245F3B64002018D0 /* README.md */,
				720F1B15247BFD4C0094A350 /* W6 */,
				720F1B0524780C980094A350 /* W5 */,
				728EF33D24681FEA007F0A90 /* W4 */,
				7274026B245FB2F2002018D0 /* W3 */,
				72740223245F557D002018D0 /* W2 */,
				72740217245F4ABE002018D0 /* W1 */,
			);
			path = "AlgorithmStudy(Jongno)";
			sourceTree = "<group>";
		};
		72740217245F4ABE002018D0 /* W1 */ = {
			isa = PBXGroup;
			children = (
				72740218245F4AFB002018D0 /* 1463.cpp */,
				7274021A245F4B2C002018D0 /* 11726.cpp */,
				7274021C245F4B35002018D0 /* 11727.cpp */,
				7274021E245F4B3E002018D0 /* 9095.cpp */,
				72740220245F4B4C002018D0 /* 11052.cpp */,
			);
			path = W1;
			sourceTree = "<group>";
		};
		72740223245F557D002018D0 /* W2 */ = {
			isa = PBXGroup;
			children = (
				72740224245F5726002018D0 /* 16194.cpp */,
				72740226245F572E002018D0 /* 15990.cpp */,
				72740228245F5735002018D0 /* 10844.cpp */,
				7274022A245F573C002018D0 /* 2193.cpp */,
				7274022C245F5742002018D0 /* 11053.cpp */,
				7274022E245F5747002018D0 /* 14002.cpp */,
				72740230245F5755002018D0 /* 1912.cpp */,
				72740232245F575E002018D0 /* 1699.cpp */,
				72740234245F5763002018D0 /* 2225.cpp */,
				72740236245F576C002018D0 /* 15988.cpp */,
				72740238245F5772002018D0 /* 1149.cpp */,
				7274023A245F5778002018D0 /* 1309.cpp */,
				7274023C245F5781002018D0 /* 11057.cpp */,
				7274023E245F578B002018D0 /* 9465.cpp */,
				72740240245F5790002018D0 /* 2156.cpp */,
			);
			path = W2;
			sourceTree = "<group>";
		};
		7274026B245FB2F2002018D0 /* W3 */ = {
			isa = PBXGroup;
			children = (
				728EF30E24639EB5007F0A90 /* 1932.cpp */,
				728EF3102463A62A007F0A90 /* 11055.cpp */,
				728EF3122463C6BF007F0A90 /* 11722.cpp */,
				728EF3142463C81B007F0A90 /* 11054.cpp */,
				728EF3162463CB8F007F0A90 /* 13398.cpp */,
			);
			path = W3;
			sourceTree = "<group>";
		};
		728EF33D24681FEA007F0A90 /* W4 */ = {
			isa = PBXGroup;
			children = (
				728EF33E24682140007F0A90 /* 1748.cpp */,
				728EF34024682576007F0A90 /* 15649.cpp */,
				728EF34224682E9D007F0A90 /* 15650.cpp */,
				728EF34424682F14007F0A90 /* 15651.cpp */,
				728EF34624682F8C007F0A90 /* 15652.cpp */,
				728EF34824682FDB007F0A90 /* 15654.cpp */,
				728EF34A2468313F007F0A90 /* 15655.cpp */,
				728EF34C246831AE007F0A90 /* 15656.cpp */,
				728EF34E24683279007F0A90 /* 15657.cpp */,
				728EF350246833DE007F0A90 /* 15663.cpp */,
				728EF352246837A4007F0A90 /* 15664.cpp */,
				728EF35424683813007F0A90 /* 15665.cpp */,
				728EF356246838C5007F0A90 /* 15666.cpp */,
				728EF3582468392F007F0A90 /* 10972.cpp */,
				720F1B08247BDB640094A350 /* 10973.cpp */,
				720F1B0A247BDBCE0094A350 /* 10974.cpp */,
			);
			path = W4;
			sourceTree = "<group>";
		};
/* End PBXGroup section */

/* Begin PBXNativeTarget section */
		72740208245F3B47002018D0 /* AlgorithmStudy(Jongno) */ = {
			isa = PBXNativeTarget;
			buildConfigurationList = 72740210245F3B47002018D0 /* Build configuration list for PBXNativeTarget "AlgorithmStudy(Jongno)" */;
			buildPhases = (
				72740205245F3B47002018D0 /* Sources */,
				72740206245F3B47002018D0 /* Frameworks */,
				72740207245F3B47002018D0 /* CopyFiles */,
			);
			buildRules = (
			);
			dependencies = (
			);
			name = "AlgorithmStudy(Jongno)";
			productName = "AlgorithmStudy(Jongno)";
			productReference = 72740209245F3B47002018D0 /* AlgorithmStudy(Jongno) */;
			productType = "com.apple.product-type.tool";
		};
/* End PBXNativeTarget section */

/* Begin PBXProject section */
		72740201245F3B47002018D0 /* Project object */ = {
			isa = PBXProject;
			attributes = {
				LastUpgradeCheck = 1140;
				ORGANIZATIONNAME = wsyou;
				TargetAttributes = {
					72740208245F3B47002018D0 = {
						CreatedOnToolsVersion = 11.4.1;
					};
				};
			};
			buildConfigurationList = 72740204245F3B47002018D0 /* Build configuration list for PBXProject "AlgorithmStudy(Jongno)" */;
			compatibilityVersion = "Xcode 9.3";
			developmentRegion = en;
			hasScannedForEncodings = 0;
			knownRegions = (
				en,
				Base,
			);
			mainGroup = 72740200245F3B47002018D0;
			productRefGroup = 7274020A245F3B47002018D0 /* Products */;
			projectDirPath = "";
			projectRoot = "";
			targets = (
				72740208245F3B47002018D0 /* AlgorithmStudy(Jongno) */,
			);
		};
/* End PBXProject section */

/* Begin PBXSourcesBuildPhase section */
		72740205245F3B47002018D0 /* Sources */ = {
			isa = PBXSourcesBuildPhase;
			buildActionMask = 2147483647;
			files = (
				72988FA6247D817D007ABE7F /* 7562.cpp in Sources */,
			);
			runOnlyForDeploymentPostprocessing = 0;
		};
/* End PBXSourcesBuildPhase section */

/* Begin XCBuildConfiguration section */
		7274020E245F3B47002018D0 /* Debug */ = {
			isa = XCBuildConfiguration;
			buildSettings = {
				ALWAYS_SEARCH_USER_PATHS = NO;
				CLANG_ANALYZER_NONNULL = YES;
				CLANG_ANALYZER_NUMBER_OBJECT_CONVERSION = YES_AGGRESSIVE;
				CLANG_CXX_LANGUAGE_STANDARD = "gnu++14";
				CLANG_CXX_LIBRARY = "libc++";
				CLANG_ENABLE_MODULES = YES;
				CLANG_ENABLE_OBJC_ARC = YES;
				CLANG_ENABLE_OBJC_WEAK = YES;
				CLANG_WARN_BLOCK_CAPTURE_AUTORELEASING = YES;
				CLANG_WARN_BOOL_CONVERSION = YES;
				CLANG_WARN_COMMA = YES;
				CLANG_WARN_CONSTANT_CONVERSION = YES;
				CLANG_WARN_DEPRECATED_OBJC_IMPLEMENTATIONS = YES;
				CLANG_WARN_DIRECT_OBJC_ISA_USAGE = YES_ERROR;
				CLANG_WARN_DOCUMENTATION_COMMENTS = YES;
				CLANG_WARN_EMPTY_BODY = YES;
				CLANG_WARN_ENUM_CONVERSION = YES;
				CLANG_WARN_INFINITE_RECURSION = YES;
				CLANG_WARN_INT_CONVERSION = YES;
				CLANG_WARN_NON_LITERAL_NULL_CONVERSION = YES;
				CLANG_WARN_OBJC_IMPLICIT_RETAIN_SELF = YES;
				CLANG_WARN_OBJC_LITERAL_CONVERSION = YES;
				CLANG_WARN_OBJC_ROOT_CLASS = YES_ERROR;
				CLANG_WARN_RANGE_LOOP_ANALYSIS = YES;
				CLANG_WARN_STRICT_PROTOTYPES = YES;
				CLANG_WARN_SUSPICIOUS_MOVE = YES;
				CLANG_WARN_UNGUARDED_AVAILABILITY = YES_AGGRESSIVE;
				CLANG_WARN_UNREACHABLE_CODE = YES;
				CLANG_WARN__DUPLICATE_METHOD_MATCH = YES;
				COPY_PHASE_STRIP = NO;
				DEBUG_INFORMATION_FORMAT = dwarf;
				ENABLE_STRICT_OBJC_MSGSEND = YES;
				ENABLE_TESTABILITY = YES;
				GCC_C_LANGUAGE_STANDARD = gnu11;
				GCC_DYNAMIC_NO_PIC = NO;
				GCC_NO_COMMON_BLOCKS = YES;
				GCC_OPTIMIZATION_LEVEL = 0;
				GCC_PREPROCESSOR_DEFINITIONS = (
					"DEBUG=1",
					"$(inherited)",
				);
				GCC_WARN_64_TO_32_BIT_CONVERSION = YES;
				GCC_WARN_ABOUT_RETURN_TYPE = YES_ERROR;
				GCC_WARN_UNDECLARED_SELECTOR = YES;
				GCC_WARN_UNINITIALIZED_AUTOS = YES_AGGRESSIVE;
				GCC_WARN_UNUSED_FUNCTION = YES;
				GCC_WARN_UNUSED_VARIABLE = YES;
				MACOSX_DEPLOYMENT_TARGET = 10.15;
				MTL_ENABLE_DEBUG_INFO = INCLUDE_SOURCE;
				MTL_FAST_MATH = YES;
				ONLY_ACTIVE_ARCH = YES;
				SDKROOT = macosx;
			};
			name = Debug;
		};
		7274020F245F3B47002018D0 /* Release */ = {
			isa = XCBuildConfiguration;
			buildSettings = {
				ALWAYS_SEARCH_USER_PATHS = NO;
				CLANG_ANALYZER_NONNULL = YES;
				CLANG_ANALYZER_NUMBER_OBJECT_CONVERSION = YES_AGGRESSIVE;
				CLANG_CXX_LANGUAGE_STANDARD = "gnu++14";
				CLANG_CXX_LIBRARY = "libc++";
				CLANG_ENABLE_MODULES = YES;
				CLANG_ENABLE_OBJC_ARC = YES;
				CLANG_ENABLE_OBJC_WEAK = YES;
				CLANG_WARN_BLOCK_CAPTURE_AUTORELEASING = YES;
				CLANG_WARN_BOOL_CONVERSION = YES;
				CLANG_WARN_COMMA = YES;
				CLANG_WARN_CONSTANT_CONVERSION = YES;
				CLANG_WARN_DEPRECATED_OBJC_IMPLEMENTATIONS = YES;
				CLANG_WARN_DIRECT_OBJC_ISA_USAGE = YES_ERROR;
				CLANG_WARN_DOCUMENTATION_COMMENTS = YES;
				CLANG_WARN_EMPTY_BODY = YES;
				CLANG_WARN_ENUM_CONVERSION = YES;
				CLANG_WARN_INFINITE_RECURSION = YES;
				CLANG_WARN_INT_CONVERSION = YES;
				CLANG_WARN_NON_LITERAL_NULL_CONVERSION = YES;
				CLANG_WARN_OBJC_IMPLICIT_RETAIN_SELF = YES;
				CLANG_WARN_OBJC_LITERAL_CONVERSION = YES;
				CLANG_WARN_OBJC_ROOT_CLASS = YES_ERROR;
				CLANG_WARN_RANGE_LOOP_ANALYSIS = YES;
				CLANG_WARN_STRICT_PROTOTYPES = YES;
				CLANG_WARN_SUSPICIOUS_MOVE = YES;
				CLANG_WARN_UNGUARDED_AVAILABILITY = YES_AGGRESSIVE;
				CLANG_WARN_UNREACHABLE_CODE = YES;
				CLANG_WARN__DUPLICATE_METHOD_MATCH = YES;
				COPY_PHASE_STRIP = NO;
				DEBUG_INFORMATION_FORMAT = "dwarf-with-dsym";
				ENABLE_NS_ASSERTIONS = NO;
				ENABLE_STRICT_OBJC_MSGSEND = YES;
				GCC_C_LANGUAGE_STANDARD = gnu11;
				GCC_NO_COMMON_BLOCKS = YES;
				GCC_WARN_64_TO_32_BIT_CONVERSION = YES;
				GCC_WARN_ABOUT_RETURN_TYPE = YES_ERROR;
				GCC_WARN_UNDECLARED_SELECTOR = YES;
				GCC_WARN_UNINITIALIZED_AUTOS = YES_AGGRESSIVE;
				GCC_WARN_UNUSED_FUNCTION = YES;
				GCC_WARN_UNUSED_VARIABLE = YES;
				MACOSX_DEPLOYMENT_TARGET = 10.15;
				MTL_ENABLE_DEBUG_INFO = NO;
				MTL_FAST_MATH = YES;
				SDKROOT = macosx;
			};
			name = Release;
		};
		72740211245F3B47002018D0 /* Debug */ = {
			isa = XCBuildConfiguration;
			buildSettings = {
				CODE_SIGN_STYLE = Automatic;
				PRODUCT_NAME = "$(TARGET_NAME)";
			};
			name = Debug;
		};
		72740212245F3B47002018D0 /* Release */ = {
			isa = XCBuildConfiguration;
			buildSettings = {
				CODE_SIGN_STYLE = Automatic;
				PRODUCT_NAME = "$(TARGET_NAME)";
			};
			name = Release;
		};
/* End XCBuildConfiguration section */

/* Begin XCConfigurationList section */
		72740204245F3B47002018D0 /* Build configuration list for PBXProject "AlgorithmStudy(Jongno)" */ = {
			isa = XCConfigurationList;
			buildConfigurations = (
				7274020E245F3B47002018D0 /* Debug */,
				7274020F245F3B47002018D0 /* Release */,
			);
			defaultConfigurationIsVisible = 0;
			defaultConfigurationName = Release;
		};
		72740210245F3B47002018D0 /* Build configuration list for PBXNativeTarget "AlgorithmStudy(Jongno)" */ = {
			isa = XCConfigurationList;
			buildConfigurations = (
				72740211245F3B47002018D0 /* Debug */,
				72740212245F3B47002018D0 /* Release */,
			);
			defaultConfigurationIsVisible = 0;
			defaultConfigurationName = Release;
		};
/* End XCConfigurationList section */
	};
	rootObject = 72740201245F3B47002018D0 /* Project object */;
}
